
Microsoft Visual Studio Solution File, Format Version 12.00
# Visual Studio 2013
VisualStudioVersion = 12.0.30501.0
MinimumVisualStudioVersion = 10.0.40219.1
Project("{FAE04EC0-301F-11D3-BF4B-00C04F79EFBC}") = "TS.CodeGenerator", "TS.CodeGenerator\TS.CodeGenerator.csproj", "{D600FBC8-653A-4B68-A256-ABD9810D327A}"
EndProject
Project("{FAE04EC0-301F-11D3-BF4B-00C04F79EFBC}") = "TS.CodeGenerator.tests", "TS.CodeGenerator.tests\TS.CodeGenerator.tests.csproj", "{7079192E-6AC5-4D0C-B412-B8EFDE7DCF8A}"
EndProject
Global
	GlobalSection(TeamFoundationVersionControl) = preSolution
		SccNumberOfProjects = 3
		SccEnterpriseProvider = {4CA58AB2-18FA-4F8D-95D4-32DDF27D184C}
		SccTeamFoundationServer = http://devtfs:8080/defaultcollection
		SccLocalPath0 = .
		SccProjectUniqueName1 = TS.CodeGenerator\\TS.CodeGenerator.csproj
		SccProjectName1 = TS.CodeGenerator
		SccLocalPath1 = TS.CodeGenerator
		SccProjectUniqueName2 = TS.CodeGenerator.tests\\TS.CodeGenerator.tests.csproj
		SccProjectName2 = TS.CodeGenerator.tests
		SccLocalPath2 = TS.CodeGenerator.tests
	EndGlobalSection
	GlobalSection(SolutionConfigurationPlatforms) = preSolution
		Debug|Any CPU = Debug|Any CPU
		Release|Any CPU = Release|Any CPU
	EndGlobalSection
	GlobalSection(ProjectConfigurationPlatforms) = postSolution
		{D600FBC8-653A-4B68-A256-ABD9810D327A}.Debug|Any CPU.ActiveCfg = Debug|Any CPU
		{D600FBC8-653A-4B68-A256-ABD9810D327A}.Debug|Any CPU.Build.0 = Debug|Any CPU
		{D600FBC8-653A-4B68-A256-ABD9810D327A}.Release|Any CPU.ActiveCfg = Release|Any CPU
		{D600FBC8-653A-4B68-A256-ABD9810D327A}.Release|Any CPU.Build.0 = Release|Any CPU
		{7079192E-6AC5-4D0C-B412-B8EFDE7DCF8A}.Debug|Any CPU.ActiveCfg = Debug|Any CPU
		{7079192E-6AC5-4D0C-B412-B8EFDE7DCF8A}.Debug|Any CPU.Build.0 = Debug|Any CPU
		{7079192E-6AC5-4D0C-B412-B8EFDE7DCF8A}.Release|Any CPU.ActiveCfg = Release|Any CPU
		{7079192E-6AC5-4D0C-B412-B8EFDE7DCF8A}.Release|Any CPU.Build.0 = Release|Any CPU
	EndGlobalSection
	GlobalSection(SolutionProperties) = preSolution
		HideSolutionNode = FALSE
	EndGlobalSection
EndGlobal
